
Microsoft Visual Studio Solution File, Format Version 12.00
# Visual Studio 2013
VisualStudioVersion = 12.0.31101.0
MinimumVisualStudioVersion = 10.0.40219.1
Project("{FAE04EC0-301F-11D3-BF4B-00C04F79EFBC}") = "Gluecksfee.Core", "Gluecksfee.Core\Gluecksfee.Core.csproj", "{719D1ECE-4D9D-4028-BB30-6D3448E1F20D}"
EndProject
Project("{FAE04EC0-301F-11D3-BF4B-00C04F79EFBC}") = "Gluecksfee.UI.Cmd", "Gluecksfee.UI.Cmd\Gluecksfee.UI.Cmd.csproj", "{0BC8CAF4-33E7-4D5E-8920-F27B507E56E6}"
EndProject
Project("{FAE04EC0-301F-11D3-BF4B-00C04F79EFBC}") = "Gluecksfee.Infrastructure", "Gluecksfee.Infrastructure\Gluecksfee.Infrastructure.csproj", "{F9F42981-3061-43E3-B586-68E555BEF505}"
EndProject
Project("{FAE04EC0-301F-11D3-BF4B-00C04F79EFBC}") = "Gluecksfee.Core.Tests", "Gluecksfee.Core.Tests\Gluecksfee.Core.Tests.csproj", "{BF209656-68A1-449B-BC27-632418DAE79F}"
EndProject
Global
	GlobalSection(SolutionConfigurationPlatforms) = preSolution
		Debug|Any CPU = Debug|Any CPU
		Release|Any CPU = Release|Any CPU
	EndGlobalSection
	GlobalSection(ProjectConfigurationPlatforms) = postSolution
		{719D1ECE-4D9D-4028-BB30-6D3448E1F20D}.Debug|Any CPU.ActiveCfg = Debug|Any CPU
		{719D1ECE-4D9D-4028-BB30-6D3448E1F20D}.Debug|Any CPU.Build.0 = Debug|Any CPU
		{719D1ECE-4D9D-4028-BB30-6D3448E1F20D}.Release|Any CPU.ActiveCfg = Release|Any CPU
		{719D1ECE-4D9D-4028-BB30-6D3448E1F20D}.Release|Any CPU.Build.0 = Release|Any CPU
		{0BC8CAF4-33E7-4D5E-8920-F27B507E56E6}.Debug|Any CPU.ActiveCfg = Debug|Any CPU
		{0BC8CAF4-33E7-4D5E-8920-F27B507E56E6}.Debug|Any CPU.Build.0 = Debug|Any CPU
		{0BC8CAF4-33E7-4D5E-8920-F27B507E56E6}.Release|Any CPU.ActiveCfg = Release|Any CPU
		{0BC8CAF4-33E7-4D5E-8920-F27B507E56E6}.Release|Any CPU.Build.0 = Release|Any CPU
		{F9F42981-3061-43E3-B586-68E555BEF505}.Debug|Any CPU.ActiveCfg = Debug|Any CPU
		{F9F42981-3061-43E3-B586-68E555BEF505}.Debug|Any CPU.Build.0 = Debug|Any CPU
		{F9F42981-3061-43E3-B586-68E555BEF505}.Release|Any CPU.ActiveCfg = Release|Any CPU
		{F9F42981-3061-43E3-B586-68E555BEF505}.Release|Any CPU.Build.0 = Release|Any CPU
		{BF209656-68A1-449B-BC27-632418DAE79F}.Debug|Any CPU.ActiveCfg = Debug|Any CPU
		{BF209656-68A1-449B-BC27-632418DAE79F}.Debug|Any CPU.Build.0 = Debug|Any CPU
		{BF209656-68A1-449B-BC27-632418DAE79F}.Release|Any CPU.ActiveCfg = Release|Any CPU
		{BF209656-68A1-449B-BC27-632418DAE79F}.Release|Any CPU.Build.0 = Release|Any CPU
	EndGlobalSection
	GlobalSection(SolutionProperties) = preSolution
		HideSolutionNode = FALSE
	EndGlobalSection
EndGlobal
